
Microsoft Visual Studio Solution File, Format Version 12.00
# Visual Studio Version 16
VisualStudioVersion = 16.0.30615.102
MinimumVisualStudioVersion = 10.0.40219.1
Project("{2150E333-8FDC-42A3-9474-1A3956D46DE8}") = "Services", "Services", "{A1EF536D-91C0-4A22-8B87-1446990C5DBA}"
EndProject
Project("{2150E333-8FDC-42A3-9474-1A3956D46DE8}") = "ProductCatalog", "ProductCatalog", "{4EE417A4-72C3-4D49-9293-66D917A5583A}"
EndProject
Project("{2150E333-8FDC-42A3-9474-1A3956D46DE8}") = "Inventory", "Inventory", "{CB709425-60CC-4280-89BE-00206E6C0739}"
EndProject
Project("{9A19103F-16F7-4668-BE54-9A1E7A4F7556}") = "InventoryService", "src\Services\Inventory\InventoryService\InventoryService.csproj", "{90D8C36C-2736-42D5-899E-D1B4382ECEA3}"
EndProject
Project("{9A19103F-16F7-4668-BE54-9A1E7A4F7556}") = "ProductCatalogService.Api", "src\Services\ProductCatalog\ProductCatalogService.Api\ProductCatalogService.Api.csproj", "{90538AC8-AA9B-4123-9995-F21D6A96DA0C}"
EndProject
Project("{2150E333-8FDC-42A3-9474-1A3956D46DE8}") = "__", "__", "{4083ACF6-1BAC-4D80-8B65-7984A540E7E6}"
	ProjectSection(SolutionItems) = preProject
		.dockerignore = .dockerignore
		.editorconfig = .editorconfig
		.gitattributes = .gitattributes
		.gitignore = .gitignore
		docker-compose.override.yml = docker-compose.override.yml
		docker-compose.yml = docker-compose.yml
		NuGet.config = NuGet.config
		restclient.http = restclient.http
		tye.slim.yaml = tye.slim.yaml
		tye.yaml = tye.yaml
	EndProjectSection

EndProject

Project("{FAE04EC0-301F-11D3-BF4B-00C04F79EFBC}") = "SaleService.Api", "src\Services\Sale\SaleService.Api\SaleService.Api.csproj", "{F9512D94-F1E9-4781-A12C-D045B92427F3}"
EndProject
Project("{2150E333-8FDC-42A3-9474-1A3956D46DE8}") = "Orchestration", "Orchestration", "{A91A4155-D7C7-46C4-891F-4723A18C82B5}"
EndProject
Project("{FAE04EC0-301F-11D3-BF4B-00C04F79EFBC}") = "Coolstore.AppHost", "Orchestration\Coolstore.AppHost\Coolstore.AppHost.csproj", "{7E05E33D-B9C6-45C9-A671-4658F429C822}"
EndProject
Project("{FAE04EC0-301F-11D3-BF4B-00C04F79EFBC}") = "Coolstore.ServiceDefaults", "Orchestration\Coolstore.ServiceDefaults\Coolstore.ServiceDefaults.csproj", "{754D8869-26DF-4B01-85B3-04A23073B4F8}"
EndProject
Project("{2150E333-8FDC-42A3-9474-1A3956D46DE8}") = "src", "src", "{7B64174E-97D4-48A5-B42F-A6AF68A30AB1}"
EndProject
Project("{2150E333-8FDC-42A3-9474-1A3956D46DE8}") = "dotnet", "dotnet", "{3F14FCE7-CD37-46D3-ADBC-E937CEF4B753}"
EndProject
Project("{2150E333-8FDC-42A3-9474-1A3956D46DE8}") = "building-blocks", "building-blocks", "{1E6D9076-0A11-4FFA-B5B2-D1BBEC0D6DCA}"
EndProject
Project("{FAE04EC0-301F-11D3-BF4B-00C04F79EFBC}") = "N8T.Core", "src\dotnet\building-blocks\N8T.Core\N8T.Core.csproj", "{D96FEFB1-6473-4232-A334-984C9EAF6F4B}"
EndProject
Project("{FAE04EC0-301F-11D3-BF4B-00C04F79EFBC}") = "ShoppingCart", "src\dotnet\shopping-cart\ShoppingCart.csproj", "{A3C8A6EA-6D24-4CD0-A4DD-A56FD245AE18}"
EndProject
Project("{FAE04EC0-301F-11D3-BF4B-00C04F79EFBC}") = "N8T.Infrastructure.EfCore", "src\dotnet\building-blocks\N8T.Infrastructure.EfCore\N8T.Infrastructure.EfCore.csproj", "{4F4B605A-C5AC-45B6-9023-DE0F5C668831}"
EndProject
Project("{FAE04EC0-301F-11D3-BF4B-00C04F79EFBC}") = "N8T.Infrastructure", "src\dotnet\building-blocks\N8T.Infrastructure\N8T.Infrastructure.csproj", "{463C835B-1C7F-4B75-9619-EF104D8DF863}"
EndProject
Project("{FAE04EC0-301F-11D3-BF4B-00C04F79EFBC}") = "IdentityServer", "src\dotnet\identity-server\IdentityServer.csproj", "{F390A118-F996-490C-85DD-EA0B6EE465AB}"
EndProject
Project("{FAE04EC0-301F-11D3-BF4B-00C04F79EFBC}") = "Gateway", "src\dotnet\api-gateway\Gateway.csproj", "{A958F74F-994C-4659-B81E-F75AA02EEE7B}"
EndProject
Global
	GlobalSection(SolutionConfigurationPlatforms) = preSolution
		Debug|Any CPU = Debug|Any CPU
		Release|Any CPU = Release|Any CPU
	EndGlobalSection
	GlobalSection(ProjectConfigurationPlatforms) = postSolution
		{90D8C36C-2736-42D5-899E-D1B4382ECEA3}.Debug|Any CPU.ActiveCfg = Debug|Any CPU
		{90D8C36C-2736-42D5-899E-D1B4382ECEA3}.Debug|Any CPU.Build.0 = Debug|Any CPU
		{90D8C36C-2736-42D5-899E-D1B4382ECEA3}.Release|Any CPU.ActiveCfg = Release|Any CPU
		{90D8C36C-2736-42D5-899E-D1B4382ECEA3}.Release|Any CPU.Build.0 = Release|Any CPU
		{90538AC8-AA9B-4123-9995-F21D6A96DA0C}.Debug|Any CPU.ActiveCfg = Debug|Any CPU
		{90538AC8-AA9B-4123-9995-F21D6A96DA0C}.Debug|Any CPU.Build.0 = Debug|Any CPU
		{90538AC8-AA9B-4123-9995-F21D6A96DA0C}.Release|Any CPU.ActiveCfg = Release|Any CPU
		{90538AC8-AA9B-4123-9995-F21D6A96DA0C}.Release|Any CPU.Build.0 = Release|Any CPU
		{F9512D94-F1E9-4781-A12C-D045B92427F3}.Debug|Any CPU.ActiveCfg = Debug|Any CPU
		{F9512D94-F1E9-4781-A12C-D045B92427F3}.Debug|Any CPU.Build.0 = Debug|Any CPU
		{F9512D94-F1E9-4781-A12C-D045B92427F3}.Release|Any CPU.ActiveCfg = Release|Any CPU
		{F9512D94-F1E9-4781-A12C-D045B92427F3}.Release|Any CPU.Build.0 = Release|Any CPU
		{7E05E33D-B9C6-45C9-A671-4658F429C822}.Debug|Any CPU.ActiveCfg = Debug|Any CPU
		{7E05E33D-B9C6-45C9-A671-4658F429C822}.Debug|Any CPU.Build.0 = Debug|Any CPU
		{7E05E33D-B9C6-45C9-A671-4658F429C822}.Release|Any CPU.ActiveCfg = Release|Any CPU
		{7E05E33D-B9C6-45C9-A671-4658F429C822}.Release|Any CPU.Build.0 = Release|Any CPU
		{754D8869-26DF-4B01-85B3-04A23073B4F8}.Debug|Any CPU.ActiveCfg = Debug|Any CPU
		{754D8869-26DF-4B01-85B3-04A23073B4F8}.Debug|Any CPU.Build.0 = Debug|Any CPU
		{754D8869-26DF-4B01-85B3-04A23073B4F8}.Release|Any CPU.ActiveCfg = Release|Any CPU
		{754D8869-26DF-4B01-85B3-04A23073B4F8}.Release|Any CPU.Build.0 = Release|Any CPU
		{D96FEFB1-6473-4232-A334-984C9EAF6F4B}.Debug|Any CPU.ActiveCfg = Debug|Any CPU
		{D96FEFB1-6473-4232-A334-984C9EAF6F4B}.Debug|Any CPU.Build.0 = Debug|Any CPU
		{D96FEFB1-6473-4232-A334-984C9EAF6F4B}.Release|Any CPU.ActiveCfg = Release|Any CPU
		{D96FEFB1-6473-4232-A334-984C9EAF6F4B}.Release|Any CPU.Build.0 = Release|Any CPU
		{A3C8A6EA-6D24-4CD0-A4DD-A56FD245AE18}.Debug|Any CPU.ActiveCfg = Debug|Any CPU
		{A3C8A6EA-6D24-4CD0-A4DD-A56FD245AE18}.Debug|Any CPU.Build.0 = Debug|Any CPU
		{A3C8A6EA-6D24-4CD0-A4DD-A56FD245AE18}.Release|Any CPU.ActiveCfg = Release|Any CPU
		{A3C8A6EA-6D24-4CD0-A4DD-A56FD245AE18}.Release|Any CPU.Build.0 = Release|Any CPU
		{4F4B605A-C5AC-45B6-9023-DE0F5C668831}.Debug|Any CPU.ActiveCfg = Debug|Any CPU
		{4F4B605A-C5AC-45B6-9023-DE0F5C668831}.Debug|Any CPU.Build.0 = Debug|Any CPU
		{4F4B605A-C5AC-45B6-9023-DE0F5C668831}.Release|Any CPU.ActiveCfg = Release|Any CPU
		{4F4B605A-C5AC-45B6-9023-DE0F5C668831}.Release|Any CPU.Build.0 = Release|Any CPU
		{463C835B-1C7F-4B75-9619-EF104D8DF863}.Debug|Any CPU.ActiveCfg = Debug|Any CPU
		{463C835B-1C7F-4B75-9619-EF104D8DF863}.Debug|Any CPU.Build.0 = Debug|Any CPU
		{463C835B-1C7F-4B75-9619-EF104D8DF863}.Release|Any CPU.ActiveCfg = Release|Any CPU
		{463C835B-1C7F-4B75-9619-EF104D8DF863}.Release|Any CPU.Build.0 = Release|Any CPU
		{F390A118-F996-490C-85DD-EA0B6EE465AB}.Debug|Any CPU.ActiveCfg = Debug|Any CPU
		{F390A118-F996-490C-85DD-EA0B6EE465AB}.Debug|Any CPU.Build.0 = Debug|Any CPU
		{F390A118-F996-490C-85DD-EA0B6EE465AB}.Release|Any CPU.ActiveCfg = Release|Any CPU
		{F390A118-F996-490C-85DD-EA0B6EE465AB}.Release|Any CPU.Build.0 = Release|Any CPU
		{A958F74F-994C-4659-B81E-F75AA02EEE7B}.Debug|Any CPU.ActiveCfg = Debug|Any CPU
		{A958F74F-994C-4659-B81E-F75AA02EEE7B}.Debug|Any CPU.Build.0 = Debug|Any CPU
		{A958F74F-994C-4659-B81E-F75AA02EEE7B}.Release|Any CPU.ActiveCfg = Release|Any CPU
		{A958F74F-994C-4659-B81E-F75AA02EEE7B}.Release|Any CPU.Build.0 = Release|Any CPU
	EndGlobalSection
	GlobalSection(SolutionProperties) = preSolution
		HideSolutionNode = FALSE
	EndGlobalSection
	GlobalSection(NestedProjects) = preSolution
		{4EE417A4-72C3-4D49-9293-66D917A5583A} = {A1EF536D-91C0-4A22-8B87-1446990C5DBA}
		{CB709425-60CC-4280-89BE-00206E6C0739} = {A1EF536D-91C0-4A22-8B87-1446990C5DBA}
		{90D8C36C-2736-42D5-899E-D1B4382ECEA3} = {CB709425-60CC-4280-89BE-00206E6C0739}
		{90538AC8-AA9B-4123-9995-F21D6A96DA0C} = {4EE417A4-72C3-4D49-9293-66D917A5583A}
		{0818AFB5-6126-4C6D-8496-568A468AA881} = {A1EF536D-91C0-4A22-8B87-1446990C5DBA}
		{F9512D94-F1E9-4781-A12C-D045B92427F3} = {0818AFB5-6126-4C6D-8496-568A468AA881}
		{7E05E33D-B9C6-45C9-A671-4658F429C822} = {A91A4155-D7C7-46C4-891F-4723A18C82B5}
		{754D8869-26DF-4B01-85B3-04A23073B4F8} = {A91A4155-D7C7-46C4-891F-4723A18C82B5}
		{3F14FCE7-CD37-46D3-ADBC-E937CEF4B753} = {7B64174E-97D4-48A5-B42F-A6AF68A30AB1}
		{1E6D9076-0A11-4FFA-B5B2-D1BBEC0D6DCA} = {3F14FCE7-CD37-46D3-ADBC-E937CEF4B753}
		{D96FEFB1-6473-4232-A334-984C9EAF6F4B} = {1E6D9076-0A11-4FFA-B5B2-D1BBEC0D6DCA}
		{A3C8A6EA-6D24-4CD0-A4DD-A56FD245AE18} = {3F14FCE7-CD37-46D3-ADBC-E937CEF4B753}
		{4F4B605A-C5AC-45B6-9023-DE0F5C668831} = {1E6D9076-0A11-4FFA-B5B2-D1BBEC0D6DCA}
		{463C835B-1C7F-4B75-9619-EF104D8DF863} = {1E6D9076-0A11-4FFA-B5B2-D1BBEC0D6DCA}
		{F390A118-F996-490C-85DD-EA0B6EE465AB} = {3F14FCE7-CD37-46D3-ADBC-E937CEF4B753}
		{A958F74F-994C-4659-B81E-F75AA02EEE7B} = {3F14FCE7-CD37-46D3-ADBC-E937CEF4B753}
	EndGlobalSection
	GlobalSection(ExtensibilityGlobals) = postSolution
		SolutionGuid = {80904FD3-1C9A-43F5-AB8A-11027B81FFC6}
	EndGlobalSection
EndGlobal
